
Microsoft Visual Studio Solution File, Format Version 12.00
# Visual Studio Version 16
VisualStudioVersion = 16.0.29911.84
MinimumVisualStudioVersion = 10.0.40219.1
Project("{FAE04EC0-301F-11D3-BF4B-00C04F79EFBC}") = "ProjekatBaze2", "ProjekatBaze2\ProjekatBaze2.csproj", "{24EABC26-F68A-4C1D-A62A-F1648367F347}"
EndProject
Project("{FAE04EC0-301F-11D3-BF4B-00C04F79EFBC}") = "ProgettiUI", "ProgettiUI\ProgettiUI.csproj", "{38F130EE-A4A1-40DE-943B-39E208BE02C5}"
EndProject
Global
	GlobalSection(SolutionConfigurationPlatforms) = preSolution
		Debug|Any CPU = Debug|Any CPU
		Release|Any CPU = Release|Any CPU
	EndGlobalSection
	GlobalSection(ProjectConfigurationPlatforms) = postSolution
		{24EABC26-F68A-4C1D-A62A-F1648367F347}.Debug|Any CPU.ActiveCfg = Debug|Any CPU
		{24EABC26-F68A-4C1D-A62A-F1648367F347}.Debug|Any CPU.Build.0 = Debug|Any CPU
		{24EABC26-F68A-4C1D-A62A-F1648367F347}.Release|Any CPU.ActiveCfg = Release|Any CPU
		{24EABC26-F68A-4C1D-A62A-F1648367F347}.Release|Any CPU.Build.0 = Release|Any CPU
		{38F130EE-A4A1-40DE-943B-39E208BE02C5}.Debug|Any CPU.ActiveCfg = Debug|Any CPU
		{38F130EE-A4A1-40DE-943B-39E208BE02C5}.Debug|Any CPU.Build.0 = Debug|Any CPU
		{38F130EE-A4A1-40DE-943B-39E208BE02C5}.Release|Any CPU.ActiveCfg = Release|Any CPU
		{38F130EE-A4A1-40DE-943B-39E208BE02C5}.Release|Any CPU.Build.0 = Release|Any CPU
	EndGlobalSection
	GlobalSection(SolutionProperties) = preSolution
		HideSolutionNode = FALSE
	EndGlobalSection
	GlobalSection(ExtensibilityGlobals) = postSolution
		SolutionGuid = {5EB52DDC-E529-4103-833D-FE2742CECF90}
	EndGlobalSection
EndGlobal
